
Microsoft Visual Studio Solution File, Format Version 12.00
# Visual Studio 14
VisualStudioVersion = 14.0.25123.0
MinimumVisualStudioVersion = 10.0.40219.1
Project("{2150E333-8FDC-42A3-9474-1A3956D46DE8}") = "DLL", "DLL", "{F7FC2B19-AF94-43A1-942B-43C515E53B6E}"
EndProject
Project("{FAE04EC0-301F-11D3-BF4B-00C04F79EFBC}") = "StorageBox.Client", "StorageBox.Client\StorageBox.Client.csproj", "{EB739C43-E5E5-4CE4-A440-0D84CEF6297B}"
EndProject
Project("{2150E333-8FDC-42A3-9474-1A3956D46DE8}") = "UnitTest", "UnitTest", "{3560019A-87C9-4248-9BD9-AD17D004B979}"
EndProject
Project("{FAE04EC0-301F-11D3-BF4B-00C04F79EFBC}") = "StorageBox.Client.Tests", "StorageBox.Client.Tests\StorageBox.Client.Tests.csproj", "{33816F24-44F8-4858-9BB5-4AB2C47FC64C}"
EndProject
Global
	GlobalSection(SolutionConfigurationPlatforms) = preSolution
		Debug|Any CPU = Debug|Any CPU
		Release|Any CPU = Release|Any CPU
	EndGlobalSection
	GlobalSection(ProjectConfigurationPlatforms) = postSolution
		{EB739C43-E5E5-4CE4-A440-0D84CEF6297B}.Debug|Any CPU.ActiveCfg = Debug|Any CPU
		{EB739C43-E5E5-4CE4-A440-0D84CEF6297B}.Debug|Any CPU.Build.0 = Debug|Any CPU
		{EB739C43-E5E5-4CE4-A440-0D84CEF6297B}.Release|Any CPU.ActiveCfg = Release|Any CPU
		{EB739C43-E5E5-4CE4-A440-0D84CEF6297B}.Release|Any CPU.Build.0 = Release|Any CPU
		{33816F24-44F8-4858-9BB5-4AB2C47FC64C}.Debug|Any CPU.ActiveCfg = Debug|Any CPU
		{33816F24-44F8-4858-9BB5-4AB2C47FC64C}.Debug|Any CPU.Build.0 = Debug|Any CPU
		{33816F24-44F8-4858-9BB5-4AB2C47FC64C}.Release|Any CPU.ActiveCfg = Release|Any CPU
		{33816F24-44F8-4858-9BB5-4AB2C47FC64C}.Release|Any CPU.Build.0 = Release|Any CPU
	EndGlobalSection
	GlobalSection(SolutionProperties) = preSolution
		HideSolutionNode = FALSE
	EndGlobalSection
	GlobalSection(NestedProjects) = preSolution
		{EB739C43-E5E5-4CE4-A440-0D84CEF6297B} = {F7FC2B19-AF94-43A1-942B-43C515E53B6E}
		{33816F24-44F8-4858-9BB5-4AB2C47FC64C} = {3560019A-87C9-4248-9BD9-AD17D004B979}
	EndGlobalSection
EndGlobal
